# This file is automatically @generated by Cargo.
# It is not intended for manual editing.
version = 3

[[package]]
name = "export-magic"
version = "0.3.6"
source = "registry+https://github.com/rust-lang/crates.io-index"
checksum = "ed02add08ce10f7664f1567c72f195cec7e630a666a7a04a98a9633d402b02ba"

[[package]]
name = "fs-shorthand"
version = "0.1.0"
dependencies = [
 "export-magic",
]
